// !$*UTF8*$!
{
	archiveVersion = 1;
	classes = {
	};
	objectVersion = 48;
	objects = {

/* Begin PBXBuildFile section */
		ADAA349C20005411004B7F89 /* AppDelegate.swift in Sources */ = {isa = PBXBuildFile; fileRef = ADAA349B20005411004B7F89 /* AppDelegate.swift */; };
		ADAA349E20005411004B7F89 /* ViewController.swift in Sources */ = {isa = PBXBuildFile; fileRef = ADAA349D20005411004B7F89 /* ViewController.swift */; };
		ADAA34A120005411004B7F89 /* Main.storyboard in Resources */ = {isa = PBXBuildFile; fileRef = ADAA349F20005411004B7F89 /* Main.storyboard */; };
		ADAA34A320005411004B7F89 /* Assets.xcassets in Resources */ = {isa = PBXBuildFile; fileRef = ADAA34A220005411004B7F89 /* Assets.xcassets */; };
		ADAA34A620005411004B7F89 /* LaunchScreen.storyboard in Resources */ = {isa = PBXBuildFile; fileRef = ADAA34A420005411004B7F89 /* LaunchScreen.storyboard */; };
		ADAA34B220008087004B7F89 /* Kastelov - Axiforma ExtraBold.otf in Resources */ = {isa = PBXBuildFile; fileRef = ADAA34B120008087004B7F89 /* Kastelov - Axiforma ExtraBold.otf */; };
/* End PBXBuildFile section */

/* Begin PBXFileReference section */
		ADAA349820005411004B7F89 /* RaiBlocks.app */ = {isa = PBXFileReference; explicitFileType = wrapper.application; includeInIndex = 0; path = RaiBlocks.app; sourceTree = BUILT_PRODUCTS_DIR; };
		ADAA349B20005411004B7F89 /* AppDelegate.swift */ = {isa = PBXFileReference; lastKnownFileType = sourcecode.swift; path = AppDelegate.swift; sourceTree = "<group>"; };
		ADAA349D20005411004B7F89 /* ViewController.swift */ = {isa = PBXFileReference; lastKnownFileType = sourcecode.swift; path = ViewController.swift; sourceTree = "<group>"; };
		ADAA34A020005411004B7F89 /* Base */ = {isa = PBXFileReference; lastKnownFileType = file.storyboard; name = Base; path = Base.lproj/Main.storyboard; sourceTree = "<group>"; };
		ADAA34A220005411004B7F89 /* Assets.xcassets */ = {isa = PBXFileReference; lastKnownFileType = folder.assetcatalog; path = Assets.xcassets; sourceTree = "<group>"; };
		ADAA34A520005411004B7F89 /* Base */ = {isa = PBXFileReference; lastKnownFileType = file.storyboard; name = Base; path = Base.lproj/LaunchScreen.storyboard; sourceTree = "<group>"; };
		ADAA34A720005411004B7F89 /* Info.plist */ = {isa = PBXFileReference; lastKnownFileType = text.plist.xml; path = Info.plist; sourceTree = "<group>"; };
		ADAA34B120008087004B7F89 /* Kastelov - Axiforma ExtraBold.otf */ = {isa = PBXFileReference; lastKnownFileType = file; path = "Kastelov - Axiforma ExtraBold.otf"; sourceTree = "<group>"; };
/* End PBXFileReference section */

/* Begin PBXFrameworksBuildPhase section */
		ADAA349520005411004B7F89 /* Frameworks */ = {
			isa = PBXFrameworksBuildPhase;
			buildActionMask = 2147483647;
			files = (
			);
			runOnlyForDeploymentPostprocessing = 0;
		};
/* End PBXFrameworksBuildPhase section */

/* Begin PBXGroup section */
		ADAA348F20005411004B7F89 = {
			isa = PBXGroup;
			children = (
				ADAA349A20005411004B7F89 /* RaiBlocks */,
				ADAA349920005411004B7F89 /* Products */,
			);
			sourceTree = "<group>";
		};
		ADAA349920005411004B7F89 /* Products */ = {
			isa = PBXGroup;
			children = (
				ADAA349820005411004B7F89 /* RaiBlocks.app */,
			);
			name = Products;
			sourceTree = "<group>";
		};
		ADAA349A20005411004B7F89 /* RaiBlocks */ = {
			isa = PBXGroup;
			children = (
				ADAA34B020008066004B7F89 /* Fonts */,
				ADAA349B20005411004B7F89 /* AppDelegate.swift */,
				ADAA349D20005411004B7F89 /* ViewController.swift */,
				ADAA349F20005411004B7F89 /* Main.storyboard */,
				ADAA34A220005411004B7F89 /* Assets.xcassets */,
				ADAA34A420005411004B7F89 /* LaunchScreen.storyboard */,
				ADAA34A720005411004B7F89 /* Info.plist */,
			);
			path = RaiBlocks;
			sourceTree = "<group>";
		};
		ADAA34B020008066004B7F89 /* Fonts */ = {
			isa = PBXGroup;
			children = (
				ADAA34B120008087004B7F89 /* Kastelov - Axiforma ExtraBold.otf */,
			);
			path = Fonts;
			sourceTree = "<group>";
		};
/* End PBXGroup section */

/* Begin PBXNativeTarget section */
		ADAA349720005411004B7F89 /* RaiBlocks */ = {
			isa = PBXNativeTarget;
			buildConfigurationList = ADAA34AA20005411004B7F89 /* Build configuration list for PBXNativeTarget "RaiBlocks" */;
			buildPhases = (
				ADAA349420005411004B7F89 /* Sources */,
				ADAA349520005411004B7F89 /* Frameworks */,
				ADAA349620005411004B7F89 /* Resources */,
			);
			buildRules = (
			);
			dependencies = (
			);
			name = RaiBlocks;
			productName = RaiBlocks;
			productReference = ADAA349820005411004B7F89 /* RaiBlocks.app */;
			productType = "com.apple.product-type.application";
		};
/* End PBXNativeTarget section */

/* Begin PBXProject section */
		ADAA349020005411004B7F89 /* Project object */ = {
			isa = PBXProject;
			attributes = {
				LastSwiftUpdateCheck = 0920;
				LastUpgradeCheck = 0920;
				ORGANIZATIONNAME = "Carter B";
				TargetAttributes = {
					ADAA349720005411004B7F89 = {
						CreatedOnToolsVersion = 9.2;
						ProvisioningStyle = Automatic;
					};
				};
			};
			buildConfigurationList = ADAA349320005411004B7F89 /* Build configuration list for PBXProject "RaiBlocks" */;
			compatibilityVersion = "Xcode 8.0";
			developmentRegion = en;
			hasScannedForEncodings = 0;
			knownRegions = (
				en,
				Base,
			);
			mainGroup = ADAA348F20005411004B7F89;
			productRefGroup = ADAA349920005411004B7F89 /* Products */;
			projectDirPath = "";
			projectRoot = "";
			targets = (
				ADAA349720005411004B7F89 /* RaiBlocks */,
			);
		};
/* End PBXProject section */

/* Begin PBXResourcesBuildPhase section */
		ADAA349620005411004B7F89 /* Resources */ = {
			isa = PBXResourcesBuildPhase;
			buildActionMask = 2147483647;
			files = (
				ADAA34A620005411004B7F89 /* LaunchScreen.storyboard in Resources */,
				ADAA34A320005411004B7F89 /* Assets.xcassets in Resources */,
				ADAA34B220008087004B7F89 /* Kastelov - Axiforma ExtraBold.otf in Resources */,
				ADAA34A120005411004B7F89 /* Main.storyboard in Resources */,
			);
			runOnlyForDeploymentPostprocessing = 0;
		};
/* End PBXResourcesBuildPhase section */

/* Begin PBXSourcesBuildPhase section */
		ADAA349420005411004B7F89 /* Sources */ = {
			isa = PBXSourcesBuildPhase;
			buildActionMask = 2147483647;
			files = (
				ADAA349E20005411004B7F89 /* ViewController.swift in Sources */,
				ADAA349C20005411004B7F89 /* AppDelegate.swift in Sources */,
			);
			runOnlyForDeploymentPostprocessing = 0;
		};
/* End PBXSourcesBuildPhase section */

/* Begin PBXVariantGroup section */
		ADAA349F20005411004B7F89 /* Main.storyboard */ = {
			isa = PBXVariantGroup;
			children = (
				ADAA34A020005411004B7F89 /* Base */,
			);
			name = Main.storyboard;
			sourceTree = "<group>";
		};
		ADAA34A420005411004B7F89 /* LaunchScreen.storyboard */ = {
			isa = PBXVariantGroup;
			children = (
				ADAA34A520005411004B7F89 /* Base */,
			);
			name = LaunchScreen.storyboard;
			sourceTree = "<group>";
		};
/* End PBXVariantGroup section */

/* Begin XCBuildConfiguration section */
		ADAA34A820005411004B7F89 /* Debug */ = {
			isa = XCBuildConfiguration;
			buildSettings = {
				ALWAYS_SEARCH_USER_PATHS = NO;
				CLANG_ANALYZER_NONNULL = YES;
				CLANG_ANALYZER_NUMBER_OBJECT_CONVERSION = YES_AGGRESSIVE;
				CLANG_CXX_LANGUAGE_STANDARD = "gnu++14";
				CLANG_CXX_LIBRARY = "libc++";
				CLANG_ENABLE_MODULES = YES;
				CLANG_ENABLE_OBJC_ARC = YES;
				CLANG_WARN_BLOCK_CAPTURE_AUTORELEASING = YES;
				CLANG_WARN_BOOL_CONVERSION = YES;
				CLANG_WARN_COMMA = YES;
				CLANG_WARN_CONSTANT_CONVERSION = YES;
				CLANG_WARN_DIRECT_OBJC_ISA_USAGE = YES_ERROR;
				CLANG_WARN_DOCUMENTATION_COMMENTS = YES;
				CLANG_WARN_EMPTY_BODY = YES;
				CLANG_WARN_ENUM_CONVERSION = YES;
				CLANG_WARN_INFINITE_RECURSION = YES;
				CLANG_WARN_INT_CONVERSION = YES;
				CLANG_WARN_NON_LITERAL_NULL_CONVERSION = YES;
				CLANG_WARN_OBJC_LITERAL_CONVERSION = YES;
				CLANG_WARN_OBJC_ROOT_CLASS = YES_ERROR;
				CLANG_WARN_RANGE_LOOP_ANALYSIS = YES;
				CLANG_WARN_STRICT_PROTOTYPES = YES;
				CLANG_WARN_SUSPICIOUS_MOVE = YES;
				CLANG_WARN_UNGUARDED_AVAILABILITY = YES_AGGRESSIVE;
				CLANG_WARN_UNREACHABLE_CODE = YES;
				CLANG_WARN__DUPLICATE_METHOD_MATCH = YES;
				CODE_SIGN_IDENTITY = "iPhone Developer";
				COPY_PHASE_STRIP = NO;
				DEBUG_INFORMATION_FORMAT = dwarf;
				ENABLE_STRICT_OBJC_MSGSEND = YES;
				ENABLE_TESTABILITY = YES;
				GCC_C_LANGUAGE_STANDARD = gnu11;
				GCC_DYNAMIC_NO_PIC = NO;
				GCC_NO_COMMON_BLOCKS = YES;
				GCC_OPTIMIZATION_LEVEL = 0;
				GCC_PREPROCESSOR_DEFINITIONS = (
					"DEBUG=1",
					"$(inherited)",
				);
				GCC_WARN_64_TO_32_BIT_CONVERSION = YES;
				GCC_WARN_ABOUT_RETURN_TYPE = YES_ERROR;
				GCC_WARN_UNDECLARED_SELECTOR = YES;
				GCC_WARN_UNINITIALIZED_AUTOS = YES_AGGRESSIVE;
				GCC_WARN_UNUSED_FUNCTION = YES;
				GCC_WARN_UNUSED_VARIABLE = YES;
				IPHONEOS_DEPLOYMENT_TARGET = 11.2;
				MTL_ENABLE_DEBUG_INFO = YES;
				ONLY_ACTIVE_ARCH = YES;
				SDKROOT = iphoneos;
				SWIFT_ACTIVE_COMPILATION_CONDITIONS = DEBUG;
				SWIFT_OPTIMIZATION_LEVEL = "-Onone";
			};
			name = Debug;
		};
		ADAA34A920005411004B7F89 /* Release */ = {
			isa = XCBuildConfiguration;
			buildSettings = {
				ALWAYS_SEARCH_USER_PATHS = NO;
				CLANG_ANALYZER_NONNULL = YES;
				CLANG_ANALYZER_NUMBER_OBJECT_CONVERSION = YES_AGGRESSIVE;
				CLANG_CXX_LANGUAGE_STANDARD = "gnu++14";
				CLANG_CXX_LIBRARY = "libc++";
				CLANG_ENABLE_MODULES = YES;
				CLANG_ENABLE_OBJC_ARC = YES;
				CLANG_WARN_BLOCK_CAPTURE_AUTORELEASING = YES;
				CLANG_WARN_BOOL_CONVERSION = YES;
				CLANG_WARN_COMMA = YES;
				CLANG_WARN_CONSTANT_CONVERSION = YES;
				CLANG_WARN_DIRECT_OBJC_ISA_USAGE = YES_ERROR;
				CLANG_WARN_DOCUMENTATION_COMMENTS = YES;
				CLANG_WARN_EMPTY_BODY = YES;
				CLANG_WARN_ENUM_CONVERSION = YES;
				CLANG_WARN_INFINITE_RECURSION = YES;
				CLANG_WARN_INT_CONVERSION = YES;
				CLANG_WARN_NON_LITERAL_NULL_CONVERSION = YES;
				CLANG_WARN_OBJC_LITERAL_CONVERSION = YES;
				CLANG_WARN_OBJC_ROOT_CLASS = YES_ERROR;
				CLANG_WARN_RANGE_LOOP_ANALYSIS = YES;
				CLANG_WARN_STRICT_PROTOTYPES = YES;
				CLANG_WARN_SUSPICIOUS_MOVE = YES;
				CLANG_WARN_UNGUARDED_AVAILABILITY = YES_AGGRESSIVE;
				CLANG_WARN_UNREACHABLE_CODE = YES;
				CLANG_WARN__DUPLICATE_METHOD_MATCH = YES;
				CODE_SIGN_IDENTITY = "iPhone Developer";
				COPY_PHASE_STRIP = NO;
				DEBUG_INFORMATION_FORMAT = "dwarf-with-dsym";
				ENABLE_NS_ASSERTIONS = NO;
				ENABLE_STRICT_OBJC_MSGSEND = YES;
				GCC_C_LANGUAGE_STANDARD = gnu11;
				GCC_NO_COMMON_BLOCKS = YES;
				GCC_WARN_64_TO_32_BIT_CONVERSION = YES;
				GCC_WARN_ABOUT_RETURN_TYPE = YES_ERROR;
				GCC_WARN_UNDECLARED_SELECTOR = YES;
				GCC_WARN_UNINITIALIZED_AUTOS = YES_AGGRESSIVE;
				GCC_WARN_UNUSED_FUNCTION = YES;
				GCC_WARN_UNUSED_VARIABLE = YES;
				IPHONEOS_DEPLOYMENT_TARGET = 11.2;
				MTL_ENABLE_DEBUG_INFO = NO;
				SDKROOT = iphoneos;
				SWIFT_OPTIMIZATION_LEVEL = "-Owholemodule";
				VALIDATE_PRODUCT = YES;
			};
			name = Release;
		};
		ADAA34AB20005411004B7F89 /* Debug */ = {
			isa = XCBuildConfiguration;
			buildSettings = {
				ASSETCATALOG_COMPILER_APPICON_NAME = AppIcon;
				CODE_SIGN_STYLE = Automatic;
				DEVELOPMENT_TEAM = H84HEU9K55;
				INFOPLIST_FILE = RaiBlocks/Info.plist;
				LD_RUNPATH_SEARCH_PATHS = "$(inherited) @executable_path/Frameworks";
				PRODUCT_BUNDLE_IDENTIFIER = com.carterbelisle.RaiBlocks;
				PRODUCT_NAME = "$(TARGET_NAME)";
				SWIFT_VERSION = 4.0;
				TARGETED_DEVICE_FAMILY = "1,2";
			};
			name = Debug;
		};
		ADAA34AC20005411004B7F89 /* Release */ = {
			isa = XCBuildConfiguration;
			buildSettings = {
				ASSETCATALOG_COMPILER_APPICON_NAME = AppIcon;
				CODE_SIGN_STYLE = Automatic;
				DEVELOPMENT_TEAM = H84HEU9K55;
				INFOPLIST_FILE = RaiBlocks/Info.plist;
				LD_RUNPATH_SEARCH_PATHS = "$(inherited) @executable_path/Frameworks";
				PRODUCT_BUNDLE_IDENTIFIER = com.carterbelisle.RaiBlocks;
				PRODUCT_NAME = "$(TARGET_NAME)";
				SWIFT_VERSION = 4.0;
				TARGETED_DEVICE_FAMILY = "1,2";
			};
			name = Release;
		};
/* End XCBuildConfiguration section */

/* Begin XCConfigurationList section */
		ADAA349320005411004B7F89 /* Build configuration list for PBXProject "RaiBlocks" */ = {
			isa = XCConfigurationList;
			buildConfigurations = (
				ADAA34A820005411004B7F89 /* Debug */,
				ADAA34A920005411004B7F89 /* Release */,
			);
			defaultConfigurationIsVisible = 0;
			defaultConfigurationName = Release;
		};
		ADAA34AA20005411004B7F89 /* Build configuration list for PBXNativeTarget "RaiBlocks" */ = {
			isa = XCConfigurationList;
			buildConfigurations = (
				ADAA34AB20005411004B7F89 /* Debug */,
				ADAA34AC20005411004B7F89 /* Release */,
			);
			defaultConfigurationIsVisible = 0;
			defaultConfigurationName = Release;
		};
/* End XCConfigurationList section */
	};
	rootObject = ADAA349020005411004B7F89 /* Project object */;
}
